
Microsoft Visual Studio Solution File, Format Version 12.00
# Visual Studio 15
VisualStudioVersion = 15.0.26124.0
MinimumVisualStudioVersion = 15.0.26124.0
Project("{FAE04EC0-301F-11D3-BF4B-00C04F79EFBC}") = "Common.Postgresql", "Common.Postgresql\Common.Postgresql.csproj", "{34538112-EEEE-4663-8809-882D79EF7B20}"
EndProject
Project("{FAE04EC0-301F-11D3-BF4B-00C04F79EFBC}") = "Common.Config", "Common.Config\Common.Config.csproj", "{6B03A75D-A708-4EBD-AEFC-59361EE01B33}"
EndProject
Project("{FAE04EC0-301F-11D3-BF4B-00C04F79EFBC}") = "Tools.DataSync", "Tools.DataSync\Tools.DataSync.csproj", "{9B843E6C-B807-4228-8132-41AFFCAAF266}"
EndProject
Project("{FAE04EC0-301F-11D3-BF4B-00C04F79EFBC}") = "Common.Auth", "Common.Auth\Common.Auth.csproj", "{AE3F0A75-87D5-4875-A393-C79FF33EC17E}"
EndProject
Project("{FAE04EC0-301F-11D3-BF4B-00C04F79EFBC}") = "Common.KeyVault", "Common.KeyVault\Common.KeyVault.csproj", "{E50E6055-9B88-4CA4-8D81-0AFBEB9FF433}"
EndProject
Project("{FAE04EC0-301F-11D3-BF4B-00C04F79EFBC}") = "Common.DocDb", "Common.DocDb\Common.DocDb.csproj", "{40CDF7D3-45A4-4CD6-A637-DF1E6647719E}"
EndProject
Project("{FAE04EC0-301F-11D3-BF4B-00C04F79EFBC}") = "Common.Kusto", "Common.Kusto\Common.Kusto.csproj", "{5E353DFF-7A41-4D9D-BA61-8EEA382649F3}"
EndProject
Project("{FAE04EC0-301F-11D3-BF4B-00C04F79EFBC}") = "Common.Storage", "Common.Storage\Common.Storage.csproj", "{ED6B43BA-08B2-4999-8703-0FBB143F6848}"
EndProject
Project("{FAE04EC0-301F-11D3-BF4B-00C04F79EFBC}") = "Common.Telemetry", "Common.Telemetry\Common.Telemetry.csproj", "{E74663AE-9C4C-4EDD-A645-068C53AF9C7A}"
EndProject
Project("{FAE04EC0-301F-11D3-BF4B-00C04F79EFBC}") = "Common.Repositories", "Common.Repositories\Common.Repositories.csproj", "{FE90E82A-3324-428E-B4FA-BD45EF1521CF}"
EndProject
Project("{FAE04EC0-301F-11D3-BF4B-00C04F79EFBC}") = "Models", "Models\Models.csproj", "{03EB63D7-2AC9-4CDB-8B3D-883A5CDC0E82}"
EndProject
Global
	GlobalSection(SolutionConfigurationPlatforms) = preSolution
		Debug|Any CPU = Debug|Any CPU
		Debug|x64 = Debug|x64
		Debug|x86 = Debug|x86
		Release|Any CPU = Release|Any CPU
		Release|x64 = Release|x64
		Release|x86 = Release|x86
	EndGlobalSection
	GlobalSection(SolutionProperties) = preSolution
		HideSolutionNode = FALSE
	EndGlobalSection
	GlobalSection(ProjectConfigurationPlatforms) = postSolution
		{34538112-EEEE-4663-8809-882D79EF7B20}.Debug|x64.ActiveCfg = Debug|Any CPU
		{34538112-EEEE-4663-8809-882D79EF7B20}.Debug|x64.Build.0 = Debug|Any CPU
		{34538112-EEEE-4663-8809-882D79EF7B20}.Debug|x86.ActiveCfg = Debug|Any CPU
		{34538112-EEEE-4663-8809-882D79EF7B20}.Debug|x86.Build.0 = Debug|Any CPU
		{34538112-EEEE-4663-8809-882D79EF7B20}.Release|Any CPU.ActiveCfg = Release|Any CPU
		{34538112-EEEE-4663-8809-882D79EF7B20}.Release|Any CPU.Build.0 = Release|Any CPU
		{34538112-EEEE-4663-8809-882D79EF7B20}.Release|x64.ActiveCfg = Release|Any CPU
		{34538112-EEEE-4663-8809-882D79EF7B20}.Release|x64.Build.0 = Release|Any CPU
		{34538112-EEEE-4663-8809-882D79EF7B20}.Release|x86.ActiveCfg = Release|Any CPU
		{34538112-EEEE-4663-8809-882D79EF7B20}.Release|x86.Build.0 = Release|Any CPU
		{34538112-EEEE-4663-8809-882D79EF7B20}.Debug|Any CPU.ActiveCfg = EFCore|Any CPU
		{34538112-EEEE-4663-8809-882D79EF7B20}.Debug|Any CPU.Build.0 = EFCore|Any CPU
		{6B03A75D-A708-4EBD-AEFC-59361EE01B33}.Debug|Any CPU.ActiveCfg = Debug|Any CPU
		{6B03A75D-A708-4EBD-AEFC-59361EE01B33}.Debug|Any CPU.Build.0 = Debug|Any CPU
		{6B03A75D-A708-4EBD-AEFC-59361EE01B33}.Debug|x64.ActiveCfg = Debug|Any CPU
		{6B03A75D-A708-4EBD-AEFC-59361EE01B33}.Debug|x64.Build.0 = Debug|Any CPU
		{6B03A75D-A708-4EBD-AEFC-59361EE01B33}.Debug|x86.ActiveCfg = Debug|Any CPU
		{6B03A75D-A708-4EBD-AEFC-59361EE01B33}.Debug|x86.Build.0 = Debug|Any CPU
		{6B03A75D-A708-4EBD-AEFC-59361EE01B33}.Release|Any CPU.ActiveCfg = Release|Any CPU
		{6B03A75D-A708-4EBD-AEFC-59361EE01B33}.Release|Any CPU.Build.0 = Release|Any CPU
		{6B03A75D-A708-4EBD-AEFC-59361EE01B33}.Release|x64.ActiveCfg = Release|Any CPU
		{6B03A75D-A708-4EBD-AEFC-59361EE01B33}.Release|x64.Build.0 = Release|Any CPU
		{6B03A75D-A708-4EBD-AEFC-59361EE01B33}.Release|x86.ActiveCfg = Release|Any CPU
		{6B03A75D-A708-4EBD-AEFC-59361EE01B33}.Release|x86.Build.0 = Release|Any CPU
		{9B843E6C-B807-4228-8132-41AFFCAAF266}.Debug|Any CPU.ActiveCfg = Debug|Any CPU
		{9B843E6C-B807-4228-8132-41AFFCAAF266}.Debug|Any CPU.Build.0 = Debug|Any CPU
		{9B843E6C-B807-4228-8132-41AFFCAAF266}.Debug|x64.ActiveCfg = Debug|Any CPU
		{9B843E6C-B807-4228-8132-41AFFCAAF266}.Debug|x64.Build.0 = Debug|Any CPU
		{9B843E6C-B807-4228-8132-41AFFCAAF266}.Debug|x86.ActiveCfg = Debug|Any CPU
		{9B843E6C-B807-4228-8132-41AFFCAAF266}.Debug|x86.Build.0 = Debug|Any CPU
		{9B843E6C-B807-4228-8132-41AFFCAAF266}.Release|Any CPU.ActiveCfg = Release|Any CPU
		{9B843E6C-B807-4228-8132-41AFFCAAF266}.Release|Any CPU.Build.0 = Release|Any CPU
		{9B843E6C-B807-4228-8132-41AFFCAAF266}.Release|x64.ActiveCfg = Release|Any CPU
		{9B843E6C-B807-4228-8132-41AFFCAAF266}.Release|x64.Build.0 = Release|Any CPU
		{9B843E6C-B807-4228-8132-41AFFCAAF266}.Release|x86.ActiveCfg = Release|Any CPU
		{9B843E6C-B807-4228-8132-41AFFCAAF266}.Release|x86.Build.0 = Release|Any CPU
		{AE3F0A75-87D5-4875-A393-C79FF33EC17E}.Debug|Any CPU.ActiveCfg = Debug|Any CPU
		{AE3F0A75-87D5-4875-A393-C79FF33EC17E}.Debug|Any CPU.Build.0 = Debug|Any CPU
		{AE3F0A75-87D5-4875-A393-C79FF33EC17E}.Debug|x64.ActiveCfg = Debug|Any CPU
		{AE3F0A75-87D5-4875-A393-C79FF33EC17E}.Debug|x64.Build.0 = Debug|Any CPU
		{AE3F0A75-87D5-4875-A393-C79FF33EC17E}.Debug|x86.ActiveCfg = Debug|Any CPU
		{AE3F0A75-87D5-4875-A393-C79FF33EC17E}.Debug|x86.Build.0 = Debug|Any CPU
		{AE3F0A75-87D5-4875-A393-C79FF33EC17E}.Release|Any CPU.ActiveCfg = Release|Any CPU
		{AE3F0A75-87D5-4875-A393-C79FF33EC17E}.Release|Any CPU.Build.0 = Release|Any CPU
		{AE3F0A75-87D5-4875-A393-C79FF33EC17E}.Release|x64.ActiveCfg = Release|Any CPU
		{AE3F0A75-87D5-4875-A393-C79FF33EC17E}.Release|x64.Build.0 = Release|Any CPU
		{AE3F0A75-87D5-4875-A393-C79FF33EC17E}.Release|x86.ActiveCfg = Release|Any CPU
		{AE3F0A75-87D5-4875-A393-C79FF33EC17E}.Release|x86.Build.0 = Release|Any CPU
		{E50E6055-9B88-4CA4-8D81-0AFBEB9FF433}.Debug|Any CPU.ActiveCfg = Debug|Any CPU
		{E50E6055-9B88-4CA4-8D81-0AFBEB9FF433}.Debug|Any CPU.Build.0 = Debug|Any CPU
		{E50E6055-9B88-4CA4-8D81-0AFBEB9FF433}.Debug|x64.ActiveCfg = Debug|Any CPU
		{E50E6055-9B88-4CA4-8D81-0AFBEB9FF433}.Debug|x64.Build.0 = Debug|Any CPU
		{E50E6055-9B88-4CA4-8D81-0AFBEB9FF433}.Debug|x86.ActiveCfg = Debug|Any CPU
		{E50E6055-9B88-4CA4-8D81-0AFBEB9FF433}.Debug|x86.Build.0 = Debug|Any CPU
		{E50E6055-9B88-4CA4-8D81-0AFBEB9FF433}.Release|Any CPU.ActiveCfg = Release|Any CPU
		{E50E6055-9B88-4CA4-8D81-0AFBEB9FF433}.Release|Any CPU.Build.0 = Release|Any CPU
		{E50E6055-9B88-4CA4-8D81-0AFBEB9FF433}.Release|x64.ActiveCfg = Release|Any CPU
		{E50E6055-9B88-4CA4-8D81-0AFBEB9FF433}.Release|x64.Build.0 = Release|Any CPU
		{E50E6055-9B88-4CA4-8D81-0AFBEB9FF433}.Release|x86.ActiveCfg = Release|Any CPU
		{E50E6055-9B88-4CA4-8D81-0AFBEB9FF433}.Release|x86.Build.0 = Release|Any CPU
		{40CDF7D3-45A4-4CD6-A637-DF1E6647719E}.Debug|Any CPU.ActiveCfg = Debug|Any CPU
		{40CDF7D3-45A4-4CD6-A637-DF1E6647719E}.Debug|Any CPU.Build.0 = Debug|Any CPU
		{40CDF7D3-45A4-4CD6-A637-DF1E6647719E}.Debug|x64.ActiveCfg = Debug|Any CPU
		{40CDF7D3-45A4-4CD6-A637-DF1E6647719E}.Debug|x64.Build.0 = Debug|Any CPU
		{40CDF7D3-45A4-4CD6-A637-DF1E6647719E}.Debug|x86.ActiveCfg = Debug|Any CPU
		{40CDF7D3-45A4-4CD6-A637-DF1E6647719E}.Debug|x86.Build.0 = Debug|Any CPU
		{40CDF7D3-45A4-4CD6-A637-DF1E6647719E}.Release|Any CPU.ActiveCfg = Release|Any CPU
		{40CDF7D3-45A4-4CD6-A637-DF1E6647719E}.Release|Any CPU.Build.0 = Release|Any CPU
		{40CDF7D3-45A4-4CD6-A637-DF1E6647719E}.Release|x64.ActiveCfg = Release|Any CPU
		{40CDF7D3-45A4-4CD6-A637-DF1E6647719E}.Release|x64.Build.0 = Release|Any CPU
		{40CDF7D3-45A4-4CD6-A637-DF1E6647719E}.Release|x86.ActiveCfg = Release|Any CPU
		{40CDF7D3-45A4-4CD6-A637-DF1E6647719E}.Release|x86.Build.0 = Release|Any CPU
		{5E353DFF-7A41-4D9D-BA61-8EEA382649F3}.Debug|Any CPU.ActiveCfg = Debug|Any CPU
		{5E353DFF-7A41-4D9D-BA61-8EEA382649F3}.Debug|Any CPU.Build.0 = Debug|Any CPU
		{5E353DFF-7A41-4D9D-BA61-8EEA382649F3}.Debug|x64.ActiveCfg = Debug|Any CPU
		{5E353DFF-7A41-4D9D-BA61-8EEA382649F3}.Debug|x64.Build.0 = Debug|Any CPU
		{5E353DFF-7A41-4D9D-BA61-8EEA382649F3}.Debug|x86.ActiveCfg = Debug|Any CPU
		{5E353DFF-7A41-4D9D-BA61-8EEA382649F3}.Debug|x86.Build.0 = Debug|Any CPU
		{5E353DFF-7A41-4D9D-BA61-8EEA382649F3}.Release|Any CPU.ActiveCfg = Release|Any CPU
		{5E353DFF-7A41-4D9D-BA61-8EEA382649F3}.Release|Any CPU.Build.0 = Release|Any CPU
		{5E353DFF-7A41-4D9D-BA61-8EEA382649F3}.Release|x64.ActiveCfg = Release|Any CPU
		{5E353DFF-7A41-4D9D-BA61-8EEA382649F3}.Release|x64.Build.0 = Release|Any CPU
		{5E353DFF-7A41-4D9D-BA61-8EEA382649F3}.Release|x86.ActiveCfg = Release|Any CPU
		{5E353DFF-7A41-4D9D-BA61-8EEA382649F3}.Release|x86.Build.0 = Release|Any CPU
		{ED6B43BA-08B2-4999-8703-0FBB143F6848}.Debug|Any CPU.ActiveCfg = Debug|Any CPU
		{ED6B43BA-08B2-4999-8703-0FBB143F6848}.Debug|Any CPU.Build.0 = Debug|Any CPU
		{ED6B43BA-08B2-4999-8703-0FBB143F6848}.Debug|x64.ActiveCfg = Debug|Any CPU
		{ED6B43BA-08B2-4999-8703-0FBB143F6848}.Debug|x64.Build.0 = Debug|Any CPU
		{ED6B43BA-08B2-4999-8703-0FBB143F6848}.Debug|x86.ActiveCfg = Debug|Any CPU
		{ED6B43BA-08B2-4999-8703-0FBB143F6848}.Debug|x86.Build.0 = Debug|Any CPU
		{ED6B43BA-08B2-4999-8703-0FBB143F6848}.Release|Any CPU.ActiveCfg = Release|Any CPU
		{ED6B43BA-08B2-4999-8703-0FBB143F6848}.Release|Any CPU.Build.0 = Release|Any CPU
		{ED6B43BA-08B2-4999-8703-0FBB143F6848}.Release|x64.ActiveCfg = Release|Any CPU
		{ED6B43BA-08B2-4999-8703-0FBB143F6848}.Release|x64.Build.0 = Release|Any CPU
		{ED6B43BA-08B2-4999-8703-0FBB143F6848}.Release|x86.ActiveCfg = Release|Any CPU
		{ED6B43BA-08B2-4999-8703-0FBB143F6848}.Release|x86.Build.0 = Release|Any CPU
		{E74663AE-9C4C-4EDD-A645-068C53AF9C7A}.Debug|Any CPU.ActiveCfg = Debug|Any CPU
		{E74663AE-9C4C-4EDD-A645-068C53AF9C7A}.Debug|Any CPU.Build.0 = Debug|Any CPU
		{E74663AE-9C4C-4EDD-A645-068C53AF9C7A}.Debug|x64.ActiveCfg = Debug|Any CPU
		{E74663AE-9C4C-4EDD-A645-068C53AF9C7A}.Debug|x64.Build.0 = Debug|Any CPU
		{E74663AE-9C4C-4EDD-A645-068C53AF9C7A}.Debug|x86.ActiveCfg = Debug|Any CPU
		{E74663AE-9C4C-4EDD-A645-068C53AF9C7A}.Debug|x86.Build.0 = Debug|Any CPU
		{E74663AE-9C4C-4EDD-A645-068C53AF9C7A}.Release|Any CPU.ActiveCfg = Release|Any CPU
		{E74663AE-9C4C-4EDD-A645-068C53AF9C7A}.Release|Any CPU.Build.0 = Release|Any CPU
		{E74663AE-9C4C-4EDD-A645-068C53AF9C7A}.Release|x64.ActiveCfg = Release|Any CPU
		{E74663AE-9C4C-4EDD-A645-068C53AF9C7A}.Release|x64.Build.0 = Release|Any CPU
		{E74663AE-9C4C-4EDD-A645-068C53AF9C7A}.Release|x86.ActiveCfg = Release|Any CPU
		{E74663AE-9C4C-4EDD-A645-068C53AF9C7A}.Release|x86.Build.0 = Release|Any CPU
		{FE90E82A-3324-428E-B4FA-BD45EF1521CF}.Debug|Any CPU.ActiveCfg = Debug|Any CPU
		{FE90E82A-3324-428E-B4FA-BD45EF1521CF}.Debug|Any CPU.Build.0 = Debug|Any CPU
		{FE90E82A-3324-428E-B4FA-BD45EF1521CF}.Debug|x64.ActiveCfg = Debug|Any CPU
		{FE90E82A-3324-428E-B4FA-BD45EF1521CF}.Debug|x64.Build.0 = Debug|Any CPU
		{FE90E82A-3324-428E-B4FA-BD45EF1521CF}.Debug|x86.ActiveCfg = Debug|Any CPU
		{FE90E82A-3324-428E-B4FA-BD45EF1521CF}.Debug|x86.Build.0 = Debug|Any CPU
		{FE90E82A-3324-428E-B4FA-BD45EF1521CF}.Release|Any CPU.ActiveCfg = Release|Any CPU
		{FE90E82A-3324-428E-B4FA-BD45EF1521CF}.Release|Any CPU.Build.0 = Release|Any CPU
		{FE90E82A-3324-428E-B4FA-BD45EF1521CF}.Release|x64.ActiveCfg = Release|Any CPU
		{FE90E82A-3324-428E-B4FA-BD45EF1521CF}.Release|x64.Build.0 = Release|Any CPU
		{FE90E82A-3324-428E-B4FA-BD45EF1521CF}.Release|x86.ActiveCfg = Release|Any CPU
		{FE90E82A-3324-428E-B4FA-BD45EF1521CF}.Release|x86.Build.0 = Release|Any CPU
		{03EB63D7-2AC9-4CDB-8B3D-883A5CDC0E82}.Debug|Any CPU.ActiveCfg = Debug|Any CPU
		{03EB63D7-2AC9-4CDB-8B3D-883A5CDC0E82}.Debug|Any CPU.Build.0 = Debug|Any CPU
		{03EB63D7-2AC9-4CDB-8B3D-883A5CDC0E82}.Debug|x64.ActiveCfg = Debug|Any CPU
		{03EB63D7-2AC9-4CDB-8B3D-883A5CDC0E82}.Debug|x64.Build.0 = Debug|Any CPU
		{03EB63D7-2AC9-4CDB-8B3D-883A5CDC0E82}.Debug|x86.ActiveCfg = Debug|Any CPU
		{03EB63D7-2AC9-4CDB-8B3D-883A5CDC0E82}.Debug|x86.Build.0 = Debug|Any CPU
		{03EB63D7-2AC9-4CDB-8B3D-883A5CDC0E82}.Release|Any CPU.ActiveCfg = Release|Any CPU
		{03EB63D7-2AC9-4CDB-8B3D-883A5CDC0E82}.Release|Any CPU.Build.0 = Release|Any CPU
		{03EB63D7-2AC9-4CDB-8B3D-883A5CDC0E82}.Release|x64.ActiveCfg = Release|Any CPU
		{03EB63D7-2AC9-4CDB-8B3D-883A5CDC0E82}.Release|x64.Build.0 = Release|Any CPU
		{03EB63D7-2AC9-4CDB-8B3D-883A5CDC0E82}.Release|x86.ActiveCfg = Release|Any CPU
		{03EB63D7-2AC9-4CDB-8B3D-883A5CDC0E82}.Release|x86.Build.0 = Release|Any CPU
	EndGlobalSection
EndGlobal
